
Microsoft Visual Studio Solution File, Format Version 12.00
# Visual Studio Version 16
VisualStudioVersion = 16.0.31129.286
MinimumVisualStudioVersion = 10.0.40219.1
Project("{9A19103F-16F7-4668-BE54-9A1E7A4F7556}") = "ProductCatalog", "ProductCatalog1\ProductCatalog.csproj", "{8AB32E75-5905-4C2A-B099-5A70DBE69753}"
EndProject
Project("{9A19103F-16F7-4668-BE54-9A1E7A4F7556}") = "ProductLibrary", "ProductLibrary\ProductLibrary.csproj", "{DF6B2888-BC64-47D2-912A-CF9AF65E3162}"
EndProject
Project("{9A19103F-16F7-4668-BE54-9A1E7A4F7556}") = "ProductCategoryLibrary", "ProductCategoryLibrary\ProductCategoryLibrary.csproj", "{09647A40-341B-45A9-81A1-DA1512F98CE2}"
EndProject
Global
	GlobalSection(SolutionConfigurationPlatforms) = preSolution
		Debug|Any CPU = Debug|Any CPU
		Release|Any CPU = Release|Any CPU
	EndGlobalSection
	GlobalSection(ProjectConfigurationPlatforms) = postSolution
		{8AB32E75-5905-4C2A-B099-5A70DBE69753}.Debug|Any CPU.ActiveCfg = Debug|Any CPU
		{8AB32E75-5905-4C2A-B099-5A70DBE69753}.Debug|Any CPU.Build.0 = Debug|Any CPU
		{8AB32E75-5905-4C2A-B099-5A70DBE69753}.Release|Any CPU.ActiveCfg = Release|Any CPU
		{8AB32E75-5905-4C2A-B099-5A70DBE69753}.Release|Any CPU.Build.0 = Release|Any CPU
		{DF6B2888-BC64-47D2-912A-CF9AF65E3162}.Debug|Any CPU.ActiveCfg = Debug|Any CPU
		{DF6B2888-BC64-47D2-912A-CF9AF65E3162}.Debug|Any CPU.Build.0 = Debug|Any CPU
		{DF6B2888-BC64-47D2-912A-CF9AF65E3162}.Release|Any CPU.ActiveCfg = Release|Any CPU
		{DF6B2888-BC64-47D2-912A-CF9AF65E3162}.Release|Any CPU.Build.0 = Release|Any CPU
		{09647A40-341B-45A9-81A1-DA1512F98CE2}.Debug|Any CPU.ActiveCfg = Debug|Any CPU
		{09647A40-341B-45A9-81A1-DA1512F98CE2}.Debug|Any CPU.Build.0 = Debug|Any CPU
		{09647A40-341B-45A9-81A1-DA1512F98CE2}.Release|Any CPU.ActiveCfg = Release|Any CPU
		{09647A40-341B-45A9-81A1-DA1512F98CE2}.Release|Any CPU.Build.0 = Release|Any CPU
	EndGlobalSection
	GlobalSection(SolutionProperties) = preSolution
		HideSolutionNode = FALSE
	EndGlobalSection
	GlobalSection(ExtensibilityGlobals) = postSolution
		SolutionGuid = {7749499F-A3F1-41B6-B791-96F9BC8D06F5}
	EndGlobalSection
EndGlobal
